{
    "_readme": [
        "This file locks the dependencies of your project to a known state",
        "Read more about it at https://getcomposer.org/doc/01-basic-usage.md#composer-lock-the-lock-file",
        "This file is @generated automatically"
    ],
    "content-hash": "012709d73b0f4c41175ed218b7b06eeb",
    "packages": [
        {
            "name": "jawira/plantuml-encoding",
            "version": "v1.0.1",
            "source": {
                "type": "git",
                "url": "https://github.com/jawira/plantuml-encoding.git",
                "reference": "c8c2744f425a604ac4e17bb9ee8e13f6f02608c6"
            },
            "dist": {
                "type": "zip",
                "url": "https://api.github.com/repos/jawira/plantuml-encoding/zipball/c8c2744f425a604ac4e17bb9ee8e13f6f02608c6",
                "reference": "c8c2744f425a604ac4e17bb9ee8e13f6f02608c6",
                "shasum": ""
            },
            "require": {
                "php": ">=5.6.0"
            },
            "type": "library",
            "autoload": {
                "files": [
                    "src/plantuml_functions.php"
                ]
            },
            "notification-url": "https://packagist.org/downloads/",
            "license": [
                "GPLv3"
            ],
            "authors": [
                {
                    "name": "Jawira Portugal",
                    "email": "dev@jawira.com"
                }
            ],
            "description": "PlantUML encoding functions",
            "keywords": [
                "encodep",
                "encoding",
                "functions",
                "plantuml"
            ],
            "time": "2018-01-07T10:02:40+00:00"
        }
    ],
    "packages-dev": [],
    "aliases": [],
    "minimum-stability": "stable",
    "stability-flags": [],
    "prefer-stable": false,
    "prefer-lowest": false,
    "platform": {
        "ext-simplexml": "*",
        "ext-xsl": "*",
        "php": "^7.1"
    },
    "platform-dev": []
}
