{
    "_readme": [
        "This file locks the dependencies of your project to a known state",
        "Read more about it at https://getcomposer.org/doc/01-basic-usage.md#composer-lock-the-lock-file",
        "This file is @generated automatically"
    ],
    "content-hash": "9f59c8dedbfe7ed76035770bba1ad4de",
    "packages": [
        {
            "name": "jawira/plantuml-encoding",
            "version": "v0.0.1",
            "source": {
                "type": "git",
                "url": "https://github.com/jawira/plantuml-encoding.git",
                "reference": "ca7c2edb16f6c7f8c26365a7a1b59b6452f905c5"
            },
            "dist": {
                "type": "zip",
                "url": "https://api.github.com/repos/jawira/plantuml-encoding/zipball/ca7c2edb16f6c7f8c26365a7a1b59b6452f905c5",
                "reference": "ca7c2edb16f6c7f8c26365a7a1b59b6452f905c5",
                "shasum": ""
            },
            "require": {
                "php": ">=5.6.0"
            },
            "type": "library",
            "autoload": {
                "files": [
                    "src/plantuml_functions.php"
                ]
            },
            "notification-url": "https://packagist.org/downloads/",
            "license": [
                "GPLv3"
            ],
            "authors": [
                {
                    "name": "Jawira Portugal",
                    "email": "dev@jawira.com"
                }
            ],
            "description": "PlantUML encoding functions",
            "keywords": [
                "encodep",
                "encoding",
                "functions",
                "plantuml"
            ],
            "time": "2017-11-23T21:54:33+00:00"
        }
    ],
    "packages-dev": [],
    "aliases": [],
    "minimum-stability": "stable",
    "stability-flags": [],
    "prefer-stable": false,
    "prefer-lowest": false,
    "platform": {
        "ext-simplexml": "*",
        "ext-xsl": "*"
    },
    "platform-dev": []
}
